// !$*UTF8*$!
{
	archiveVersion = 1;
	classes = {
	};
	objectVersion = 55;
	objects = {

/* Begin PBXBuildFile section */
		DC524680284B47BE00E524CA /* AppDelegate.m in Sources */ = {isa = PBXBuildFile; fileRef = DC52467F284B47BE00E524CA /* AppDelegate.m */; };
		DC524686284B47BE00E524CA /* ViewController.m in Sources */ = {isa = PBXBuildFile; fileRef = DC524685284B47BE00E524CA /* ViewController.m */; };
		DC524689284B47BE00E524CA /* Main.storyboard in Resources */ = {isa = PBXBuildFile; fileRef = DC524687284B47BE00E524CA /* Main.storyboard */; };
		DC52468B284B47C000E524CA /* Assets.xcassets in Resources */ = {isa = PBXBuildFile; fileRef = DC52468A284B47C000E524CA /* Assets.xcassets */; };
		DC52468E284B47C000E524CA /* LaunchScreen.storyboard in Resources */ = {isa = PBXBuildFile; fileRef = DC52468C284B47C000E524CA /* LaunchScreen.storyboard */; };
		DC524691284B47C000E524CA /* main.m in Sources */ = {isa = PBXBuildFile; fileRef = DC524690284B47C000E524CA /* main.m */; };
		DC91B4AF2C3F8A7700E6029F /* SwiftObjcFramework.framework in Frameworks */ = {isa = PBXBuildFile; fileRef = DC91B4AE2C3F8A7700E6029F /* SwiftObjcFramework.framework */; };
		DC91B4B02C3F8A7700E6029F /* SwiftObjcFramework.framework in Embed Frameworks */ = {isa = PBXBuildFile; fileRef = DC91B4AE2C3F8A7700E6029F /* SwiftObjcFramework.framework */; settings = {ATTRIBUTES = (CodeSignOnCopy, RemoveHeadersOnCopy, ); }; };
/* End PBXBuildFile section */

/* Begin PBXCopyFilesBuildPhase section */
		DC91B49A2C3E9B2A00E6029F /* Embed Frameworks */ = {
			isa = PBXCopyFilesBuildPhase;
			buildActionMask = 2147483647;
			dstPath = "";
			dstSubfolderSpec = 10;
			files = (
				DC91B4B02C3F8A7700E6029F /* SwiftObjcFramework.framework in Embed Frameworks */,
			);
			name = "Embed Frameworks";
			runOnlyForDeploymentPostprocessing = 0;
		};
/* End PBXCopyFilesBuildPhase section */

/* Begin PBXFileReference section */
		DC52467B284B47BE00E524CA /* BoilerPlateObjc.app */ = {isa = PBXFileReference; explicitFileType = wrapper.application; includeInIndex = 0; path = BoilerPlateObjc.app; sourceTree = BUILT_PRODUCTS_DIR; };
		DC52467E284B47BE00E524CA /* AppDelegate.h */ = {isa = PBXFileReference; lastKnownFileType = sourcecode.c.h; path = AppDelegate.h; sourceTree = "<group>"; };
		DC52467F284B47BE00E524CA /* AppDelegate.m */ = {isa = PBXFileReference; lastKnownFileType = sourcecode.c.objc; path = AppDelegate.m; sourceTree = "<group>"; };
		DC524684284B47BE00E524CA /* ViewController.h */ = {isa = PBXFileReference; lastKnownFileType = sourcecode.c.h; path = ViewController.h; sourceTree = "<group>"; };
		DC524685284B47BE00E524CA /* ViewController.m */ = {isa = PBXFileReference; lastKnownFileType = sourcecode.c.objc; path = ViewController.m; sourceTree = "<group>"; };
		DC524688284B47BE00E524CA /* Base */ = {isa = PBXFileReference; lastKnownFileType = file.storyboard; name = Base; path = Base.lproj/Main.storyboard; sourceTree = "<group>"; };
		DC52468A284B47C000E524CA /* Assets.xcassets */ = {isa = PBXFileReference; lastKnownFileType = folder.assetcatalog; path = Assets.xcassets; sourceTree = "<group>"; };
		DC52468D284B47C000E524CA /* Base */ = {isa = PBXFileReference; lastKnownFileType = file.storyboard; name = Base; path = Base.lproj/LaunchScreen.storyboard; sourceTree = "<group>"; };
		DC52468F284B47C000E524CA /* Info.plist */ = {isa = PBXFileReference; lastKnownFileType = text.plist.xml; path = Info.plist; sourceTree = "<group>"; };
		DC524690284B47C000E524CA /* main.m */ = {isa = PBXFileReference; lastKnownFileType = sourcecode.c.objc; path = main.m; sourceTree = "<group>"; };
		DC91B4AE2C3F8A7700E6029F /* SwiftObjcFramework.framework */ = {isa = PBXFileReference; explicitFileType = wrapper.framework; path = SwiftObjcFramework.framework; sourceTree = BUILT_PRODUCTS_DIR; };
/* End PBXFileReference section */

/* Begin PBXFrameworksBuildPhase section */
		DC524678284B47BE00E524CA /* Frameworks */ = {
			isa = PBXFrameworksBuildPhase;
			buildActionMask = 2147483647;
			files = (
				DC91B4AF2C3F8A7700E6029F /* SwiftObjcFramework.framework in Frameworks */,
			);
			runOnlyForDeploymentPostprocessing = 0;
		};
/* End PBXFrameworksBuildPhase section */

/* Begin PBXGroup section */
		DC524672284B47BE00E524CA = {
			isa = PBXGroup;
			children = (
				DC52467D284B47BE00E524CA /* BoilerPlateObjc */,
				DC52467C284B47BE00E524CA /* Products */,
				DC91B4972C3E9B2A00E6029F /* Frameworks */,
			);
			sourceTree = "<group>";
		};
		DC52467C284B47BE00E524CA /* Products */ = {
			isa = PBXGroup;
			children = (
				DC52467B284B47BE00E524CA /* BoilerPlateObjc.app */,
			);
			name = Products;
			sourceTree = "<group>";
		};
		DC52467D284B47BE00E524CA /* BoilerPlateObjc */ = {
			isa = PBXGroup;
			children = (
				DC52467E284B47BE00E524CA /* AppDelegate.h */,
				DC52467F284B47BE00E524CA /* AppDelegate.m */,
				DC524684284B47BE00E524CA /* ViewController.h */,
				DC524685284B47BE00E524CA /* ViewController.m */,
				DC524687284B47BE00E524CA /* Main.storyboard */,
				DC52468A284B47C000E524CA /* Assets.xcassets */,
				DC52468C284B47C000E524CA /* LaunchScreen.storyboard */,
				DC52468F284B47C000E524CA /* Info.plist */,
				DC524690284B47C000E524CA /* main.m */,
			);
			path = BoilerPlateObjc;
			sourceTree = "<group>";
		};
		DC91B4972C3E9B2A00E6029F /* Frameworks */ = {
			isa = PBXGroup;
			children = (
				DC91B4AE2C3F8A7700E6029F /* SwiftObjcFramework.framework */,
			);
			name = Frameworks;
			sourceTree = "<group>";
		};
/* End PBXGroup section */

/* Begin PBXNativeTarget section */
		DC52467A284B47BE00E524CA /* BoilerPlateObjc */ = {
			isa = PBXNativeTarget;
			buildConfigurationList = DC524694284B47C000E524CA /* Build configuration list for PBXNativeTarget "BoilerPlateObjc" */;
			buildPhases = (
				DC524677284B47BE00E524CA /* Sources */,
				DC524678284B47BE00E524CA /* Frameworks */,
				DC524679284B47BE00E524CA /* Resources */,
				DC91B49A2C3E9B2A00E6029F /* Embed Frameworks */,
			);
			buildRules = (
			);
			dependencies = (
			);
			name = BoilerPlateObjc;
			productName = BoilerPlateObjc;
			productReference = DC52467B284B47BE00E524CA /* BoilerPlateObjc.app */;
			productType = "com.apple.product-type.application";
		};
/* End PBXNativeTarget section */

/* Begin PBXProject section */
		DC524673284B47BE00E524CA /* Project object */ = {
			isa = PBXProject;
			attributes = {
				BuildIndependentTargetsInParallel = 1;
				LastUpgradeCheck = 1340;
				TargetAttributes = {
					DC52467A284B47BE00E524CA = {
						CreatedOnToolsVersion = 13.4.1;
						LastSwiftMigration = 1540;
					};
				};
			};
			buildConfigurationList = DC524676284B47BE00E524CA /* Build configuration list for PBXProject "BoilerPlateObjc" */;
			compatibilityVersion = "Xcode 13.0";
			developmentRegion = en;
			hasScannedForEncodings = 0;
			knownRegions = (
				en,
				Base,
			);
			mainGroup = DC524672284B47BE00E524CA;
			productRefGroup = DC52467C284B47BE00E524CA /* Products */;
			projectDirPath = "";
			projectRoot = "";
			targets = (
				DC52467A284B47BE00E524CA /* BoilerPlateObjc */,
			);
		};
/* End PBXProject section */

/* Begin PBXResourcesBuildPhase section */
		DC524679284B47BE00E524CA /* Resources */ = {
			isa = PBXResourcesBuildPhase;
			buildActionMask = 2147483647;
			files = (
				DC52468E284B47C000E524CA /* LaunchScreen.storyboard in Resources */,
				DC52468B284B47C000E524CA /* Assets.xcassets in Resources */,
				DC524689284B47BE00E524CA /* Main.storyboard in Resources */,
			);
			runOnlyForDeploymentPostprocessing = 0;
		};
/* End PBXResourcesBuildPhase section */

/* Begin PBXSourcesBuildPhase section */
		DC524677284B47BE00E524CA /* Sources */ = {
			isa = PBXSourcesBuildPhase;
			buildActionMask = 2147483647;
			files = (
				DC524686284B47BE00E524CA /* ViewController.m in Sources */,
				DC524680284B47BE00E524CA /* AppDelegate.m in Sources */,
				DC524691284B47C000E524CA /* main.m in Sources */,
			);
			runOnlyForDeploymentPostprocessing = 0;
		};
/* End PBXSourcesBuildPhase section */

/* Begin PBXVariantGroup section */
		DC524687284B47BE00E524CA /* Main.storyboard */ = {
			isa = PBXVariantGroup;
			children = (
				DC524688284B47BE00E524CA /* Base */,
			);
			name = Main.storyboard;
			sourceTree = "<group>";
		};
		DC52468C284B47C000E524CA /* LaunchScreen.storyboard */ = {
			isa = PBXVariantGroup;
			children = (
				DC52468D284B47C000E524CA /* Base */,
			);
			name = LaunchScreen.storyboard;
			sourceTree = "<group>";
		};
/* End PBXVariantGroup section */

/* Begin XCBuildConfiguration section */
		DC524692284B47C000E524CA /* Debug */ = {
			isa = XCBuildConfiguration;
			buildSettings = {
				ALWAYS_SEARCH_USER_PATHS = NO;
				CLANG_ANALYZER_NONNULL = YES;
				CLANG_ANALYZER_NUMBER_OBJECT_CONVERSION = YES_AGGRESSIVE;
				CLANG_CXX_LANGUAGE_STANDARD = "gnu++17";
				CLANG_ENABLE_MODULES = YES;
				CLANG_ENABLE_OBJC_ARC = YES;
				CLANG_ENABLE_OBJC_WEAK = YES;
				CLANG_WARN_BLOCK_CAPTURE_AUTORELEASING = YES;
				CLANG_WARN_BOOL_CONVERSION = YES;
				CLANG_WARN_COMMA = YES;
				CLANG_WARN_CONSTANT_CONVERSION = YES;
				CLANG_WARN_DEPRECATED_OBJC_IMPLEMENTATIONS = YES;
				CLANG_WARN_DIRECT_OBJC_ISA_USAGE = YES_ERROR;
				CLANG_WARN_DOCUMENTATION_COMMENTS = YES;
				CLANG_WARN_EMPTY_BODY = YES;
				CLANG_WARN_ENUM_CONVERSION = YES;
				CLANG_WARN_INFINITE_RECURSION = YES;
				CLANG_WARN_INT_CONVERSION = YES;
				CLANG_WARN_NON_LITERAL_NULL_CONVERSION = YES;
				CLANG_WARN_OBJC_IMPLICIT_RETAIN_SELF = YES;
				CLANG_WARN_OBJC_LITERAL_CONVERSION = YES;
				CLANG_WARN_OBJC_ROOT_CLASS = YES_ERROR;
				CLANG_WARN_QUOTED_INCLUDE_IN_FRAMEWORK_HEADER = YES;
				CLANG_WARN_RANGE_LOOP_ANALYSIS = YES;
				CLANG_WARN_STRICT_PROTOTYPES = YES;
				CLANG_WARN_SUSPICIOUS_MOVE = YES;
				CLANG_WARN_UNGUARDED_AVAILABILITY = YES_AGGRESSIVE;
				CLANG_WARN_UNREACHABLE_CODE = YES;
				CLANG_WARN__DUPLICATE_METHOD_MATCH = YES;
				COPY_PHASE_STRIP = NO;
				DEBUG_INFORMATION_FORMAT = dwarf;
				ENABLE_STRICT_OBJC_MSGSEND = YES;
				ENABLE_TESTABILITY = YES;
				GCC_C_LANGUAGE_STANDARD = gnu11;
				GCC_DYNAMIC_NO_PIC = NO;
				GCC_NO_COMMON_BLOCKS = YES;
				GCC_OPTIMIZATION_LEVEL = 0;
				GCC_PREPROCESSOR_DEFINITIONS = (
					"DEBUG=1",
					"$(inherited)",
				);
				GCC_WARN_64_TO_32_BIT_CONVERSION = YES;
				GCC_WARN_ABOUT_RETURN_TYPE = YES_ERROR;
				GCC_WARN_UNDECLARED_SELECTOR = YES;
				GCC_WARN_UNINITIALIZED_AUTOS = YES_AGGRESSIVE;
				GCC_WARN_UNUSED_FUNCTION = YES;
				GCC_WARN_UNUSED_VARIABLE = YES;
				IPHONEOS_DEPLOYMENT_TARGET = 12.0;
				MTL_ENABLE_DEBUG_INFO = INCLUDE_SOURCE;
				MTL_FAST_MATH = YES;
				ONLY_ACTIVE_ARCH = YES;
				SDKROOT = iphoneos;
			};
			name = Debug;
		};
		DC524693284B47C000E524CA /* Release */ = {
			isa = XCBuildConfiguration;
			buildSettings = {
				ALWAYS_SEARCH_USER_PATHS = NO;
				CLANG_ANALYZER_NONNULL = YES;
				CLANG_ANALYZER_NUMBER_OBJECT_CONVERSION = YES_AGGRESSIVE;
				CLANG_CXX_LANGUAGE_STANDARD = "gnu++17";
				CLANG_ENABLE_MODULES = YES;
				CLANG_ENABLE_OBJC_ARC = YES;
				CLANG_ENABLE_OBJC_WEAK = YES;
				CLANG_WARN_BLOCK_CAPTURE_AUTORELEASING = YES;
				CLANG_WARN_BOOL_CONVERSION = YES;
				CLANG_WARN_COMMA = YES;
				CLANG_WARN_CONSTANT_CONVERSION = YES;
				CLANG_WARN_DEPRECATED_OBJC_IMPLEMENTATIONS = YES;
				CLANG_WARN_DIRECT_OBJC_ISA_USAGE = YES_ERROR;
				CLANG_WARN_DOCUMENTATION_COMMENTS = YES;
				CLANG_WARN_EMPTY_BODY = YES;
				CLANG_WARN_ENUM_CONVERSION = YES;
				CLANG_WARN_INFINITE_RECURSION = YES;
				CLANG_WARN_INT_CONVERSION = YES;
				CLANG_WARN_NON_LITERAL_NULL_CONVERSION = YES;
				CLANG_WARN_OBJC_IMPLICIT_RETAIN_SELF = YES;
				CLANG_WARN_OBJC_LITERAL_CONVERSION = YES;
				CLANG_WARN_OBJC_ROOT_CLASS = YES_ERROR;
				CLANG_WARN_QUOTED_INCLUDE_IN_FRAMEWORK_HEADER = YES;
				CLANG_WARN_RANGE_LOOP_ANALYSIS = YES;
				CLANG_WARN_STRICT_PROTOTYPES = YES;
				CLANG_WARN_SUSPICIOUS_MOVE = YES;
				CLANG_WARN_UNGUARDED_AVAILABILITY = YES_AGGRESSIVE;
				CLANG_WARN_UNREACHABLE_CODE = YES;
				CLANG_WARN__DUPLICATE_METHOD_MATCH = YES;
				COPY_PHASE_STRIP = NO;
				DEBUG_INFORMATION_FORMAT = "dwarf-with-dsym";
				ENABLE_NS_ASSERTIONS = NO;
				ENABLE_STRICT_OBJC_MSGSEND = YES;
				GCC_C_LANGUAGE_STANDARD = gnu11;
				GCC_NO_COMMON_BLOCKS = YES;
				GCC_WARN_64_TO_32_BIT_CONVERSION = YES;
				GCC_WARN_ABOUT_RETURN_TYPE = YES_ERROR;
				GCC_WARN_UNDECLARED_SELECTOR = YES;
				GCC_WARN_UNINITIALIZED_AUTOS = YES_AGGRESSIVE;
				GCC_WARN_UNUSED_FUNCTION = YES;
				GCC_WARN_UNUSED_VARIABLE = YES;
				IPHONEOS_DEPLOYMENT_TARGET = 12.0;
				MTL_ENABLE_DEBUG_INFO = NO;
				MTL_FAST_MATH = YES;
				SDKROOT = iphoneos;
				VALIDATE_PRODUCT = YES;
			};
			name = Release;
		};
		DC524695284B47C000E524CA /* Debug */ = {
			isa = XCBuildConfiguration;
			buildSettings = {
				ALWAYS_EMBED_SWIFT_STANDARD_LIBRARIES = YES;
				ASSETCATALOG_COMPILER_APPICON_NAME = AppIcon;
				ASSETCATALOG_COMPILER_GLOBAL_ACCENT_COLOR_NAME = AccentColor;
				CLANG_ENABLE_MODULES = YES;
				CODE_SIGN_STYLE = Automatic;
				CURRENT_PROJECT_VERSION = 1;
				DEVELOPMENT_TEAM = GE8BT8LF5K;
				GENERATE_INFOPLIST_FILE = YES;
				INFOPLIST_FILE = BoilerPlateObjc/Info.plist;
				INFOPLIST_KEY_UIApplicationSupportsIndirectInputEvents = YES;
				INFOPLIST_KEY_UILaunchStoryboardName = LaunchScreen;
				INFOPLIST_KEY_UIMainStoryboardFile = Main;
				INFOPLIST_KEY_UISupportedInterfaceOrientations_iPad = "UIInterfaceOrientationPortrait UIInterfaceOrientationPortraitUpsideDown UIInterfaceOrientationLandscapeLeft UIInterfaceOrientationLandscapeRight";
				INFOPLIST_KEY_UISupportedInterfaceOrientations_iPhone = "UIInterfaceOrientationPortrait UIInterfaceOrientationLandscapeLeft UIInterfaceOrientationLandscapeRight";
				IPHONEOS_DEPLOYMENT_TARGET = 12.0;
				LD_RUNPATH_SEARCH_PATHS = (
					"$(inherited)",
					"@executable_path/Frameworks",
				);
				MARKETING_VERSION = 1.0;
				PRODUCT_BUNDLE_IDENTIFIER = in.juspay.BoilerPlateObjc;
				PRODUCT_NAME = "$(TARGET_NAME)";
				SWIFT_EMIT_LOC_STRINGS = YES;
				SWIFT_OBJC_BRIDGING_HEADER = "BoilerPlateObjc/BoilerPlateObjc-Bridging-Header.h";
				SWIFT_OPTIMIZATION_LEVEL = "-Onone";
				SWIFT_VERSION = 5.0;
				TARGETED_DEVICE_FAMILY = "1,2";
			};
			name = Debug;
		};
		DC524696284B47C000E524CA /* Release */ = {
			isa = XCBuildConfiguration;
			buildSettings = {
				ALWAYS_EMBED_SWIFT_STANDARD_LIBRARIES = YES;
				ASSETCATALOG_COMPILER_APPICON_NAME = AppIcon;
				ASSETCATALOG_COMPILER_GLOBAL_ACCENT_COLOR_NAME = AccentColor;
				CLANG_ENABLE_MODULES = YES;
				CODE_SIGN_STYLE = Automatic;
				CURRENT_PROJECT_VERSION = 1;
				DEVELOPMENT_TEAM = GE8BT8LF5K;
				GENERATE_INFOPLIST_FILE = YES;
				INFOPLIST_FILE = BoilerPlateObjc/Info.plist;
				INFOPLIST_KEY_UIApplicationSupportsIndirectInputEvents = YES;
				INFOPLIST_KEY_UILaunchStoryboardName = LaunchScreen;
				INFOPLIST_KEY_UIMainStoryboardFile = Main;
				INFOPLIST_KEY_UISupportedInterfaceOrientations_iPad = "UIInterfaceOrientationPortrait UIInterfaceOrientationPortraitUpsideDown UIInterfaceOrientationLandscapeLeft UIInterfaceOrientationLandscapeRight";
				INFOPLIST_KEY_UISupportedInterfaceOrientations_iPhone = "UIInterfaceOrientationPortrait UIInterfaceOrientationLandscapeLeft UIInterfaceOrientationLandscapeRight";
				IPHONEOS_DEPLOYMENT_TARGET = 12.0;
				LD_RUNPATH_SEARCH_PATHS = (
					"$(inherited)",
					"@executable_path/Frameworks",
				);
				MARKETING_VERSION = 1.0;
				PRODUCT_BUNDLE_IDENTIFIER = in.juspay.BoilerPlateObjc;
				PRODUCT_NAME = "$(TARGET_NAME)";
				SWIFT_EMIT_LOC_STRINGS = YES;
				SWIFT_OBJC_BRIDGING_HEADER = "BoilerPlateObjc/BoilerPlateObjc-Bridging-Header.h";
				SWIFT_VERSION = 5.0;
				TARGETED_DEVICE_FAMILY = "1,2";
			};
			name = Release;
		};
/* End XCBuildConfiguration section */

/* Begin XCConfigurationList section */
		DC524676284B47BE00E524CA /* Build configuration list for PBXProject "BoilerPlateObjc" */ = {
			isa = XCConfigurationList;
			buildConfigurations = (
				DC524692284B47C000E524CA /* Debug */,
				DC524693284B47C000E524CA /* Release */,
			);
			defaultConfigurationIsVisible = 0;
			defaultConfigurationName = Release;
		};
		DC524694284B47C000E524CA /* Build configuration list for PBXNativeTarget "BoilerPlateObjc" */ = {
			isa = XCConfigurationList;
			buildConfigurations = (
				DC524695284B47C000E524CA /* Debug */,
				DC524696284B47C000E524CA /* Release */,
			);
			defaultConfigurationIsVisible = 0;
			defaultConfigurationName = Release;
		};
/* End XCConfigurationList section */
	};
	rootObject = DC524673284B47BE00E524CA /* Project object */;
}
